// !$*UTF8*$!
{
	archiveVersion = 1;
	classes = {
	};
	objectVersion = 51;
	objects = {

/* Begin PBXBuildFile section */
		4960B5C561AD28986000CB31 /* Pods_flixsterTests.framework in Frameworks */ = {isa = PBXBuildFile; fileRef = A4314768D4F03835AF829432 /* Pods_flixsterTests.framework */; };
		71F067DBDE5F468632344EB6 /* Pods_flixster_flixsterUITests.framework in Frameworks */ = {isa = PBXBuildFile; fileRef = 116A8B2C7EA90E95BDAF233C /* Pods_flixster_flixsterUITests.framework */; };
		EDEF5DEC2E358870EFE6BF6B /* Pods_flixster.framework in Frameworks */ = {isa = PBXBuildFile; fileRef = B33FE3D78E6128AB304888E0 /* Pods_flixster.framework */; };
		EE2BB856251E8D8F00D92F37 /* AppDelegate.swift in Sources */ = {isa = PBXBuildFile; fileRef = EE2BB855251E8D8F00D92F37 /* AppDelegate.swift */; };
		EE2BB858251E8D8F00D92F37 /* SceneDelegate.swift in Sources */ = {isa = PBXBuildFile; fileRef = EE2BB857251E8D8F00D92F37 /* SceneDelegate.swift */; };
		EE2BB85D251E8D8F00D92F37 /* Main.storyboard in Resources */ = {isa = PBXBuildFile; fileRef = EE2BB85B251E8D8F00D92F37 /* Main.storyboard */; };
		EE2BB85F251E8D9400D92F37 /* Assets.xcassets in Resources */ = {isa = PBXBuildFile; fileRef = EE2BB85E251E8D9400D92F37 /* Assets.xcassets */; };
		EE2BB862251E8D9400D92F37 /* LaunchScreen.storyboard in Resources */ = {isa = PBXBuildFile; fileRef = EE2BB860251E8D9400D92F37 /* LaunchScreen.storyboard */; };
		EE2BB86D251E8D9400D92F37 /* flixsterTests.swift in Sources */ = {isa = PBXBuildFile; fileRef = EE2BB86C251E8D9400D92F37 /* flixsterTests.swift */; };
		EE2BB878251E8D9400D92F37 /* flixsterUITests.swift in Sources */ = {isa = PBXBuildFile; fileRef = EE2BB877251E8D9400D92F37 /* flixsterUITests.swift */; };
		EE2BB886251E8FDC00D92F37 /* MoviessViewController.swift in Sources */ = {isa = PBXBuildFile; fileRef = EE2BB885251E8FDC00D92F37 /* MoviessViewController.swift */; };
		EE2BB888251EAC0B00D92F37 /* MovieCell.swift in Sources */ = {isa = PBXBuildFile; fileRef = EE2BB887251EAC0B00D92F37 /* MovieCell.swift */; };
		EE983E322527EBBC008591E6 /* MovieDetailsViewController.swift in Sources */ = {isa = PBXBuildFile; fileRef = EE983E312527EBBC008591E6 /* MovieDetailsViewController.swift */; };
		EE983E3425283884008591E6 /* MovieGridViewController.swift in Sources */ = {isa = PBXBuildFile; fileRef = EE983E3325283884008591E6 /* MovieGridViewController.swift */; };
		EE983E3625283EA7008591E6 /* MovieGridCell.swift in Sources */ = {isa = PBXBuildFile; fileRef = EE983E3525283EA7008591E6 /* MovieGridCell.swift */; };
/* End PBXBuildFile section */

/* Begin PBXContainerItemProxy section */
		EE2BB869251E8D9400D92F37 /* PBXContainerItemProxy */ = {
			isa = PBXContainerItemProxy;
			containerPortal = EE2BB84A251E8D8F00D92F37 /* Project object */;
			proxyType = 1;
			remoteGlobalIDString = EE2BB851251E8D8F00D92F37;
			remoteInfo = flixster;
		};
		EE2BB874251E8D9400D92F37 /* PBXContainerItemProxy */ = {
			isa = PBXContainerItemProxy;
			containerPortal = EE2BB84A251E8D8F00D92F37 /* Project object */;
			proxyType = 1;
			remoteGlobalIDString = EE2BB851251E8D8F00D92F37;
			remoteInfo = flixster;
		};
/* End PBXContainerItemProxy section */

/* Begin PBXFileReference section */
		116A8B2C7EA90E95BDAF233C /* Pods_flixster_flixsterUITests.framework */ = {isa = PBXFileReference; explicitFileType = wrapper.framework; includeInIndex = 0; path = Pods_flixster_flixsterUITests.framework; sourceTree = BUILT_PRODUCTS_DIR; };
		35FC6E503D2CF427999C4744 /* Pods-flixster.release.xcconfig */ = {isa = PBXFileReference; includeInIndex = 1; lastKnownFileType = text.xcconfig; name = "Pods-flixster.release.xcconfig"; path = "Target Support Files/Pods-flixster/Pods-flixster.release.xcconfig"; sourceTree = "<group>"; };
		5512D84BDDA2689397656BB6 /* Pods-flixsterTests.debug.xcconfig */ = {isa = PBXFileReference; includeInIndex = 1; lastKnownFileType = text.xcconfig; name = "Pods-flixsterTests.debug.xcconfig"; path = "Target Support Files/Pods-flixsterTests/Pods-flixsterTests.debug.xcconfig"; sourceTree = "<group>"; };
		5E0674F2D5B67135860EB407 /* Pods-flixster.debug.xcconfig */ = {isa = PBXFileReference; includeInIndex = 1; lastKnownFileType = text.xcconfig; name = "Pods-flixster.debug.xcconfig"; path = "Target Support Files/Pods-flixster/Pods-flixster.debug.xcconfig"; sourceTree = "<group>"; };
		70F3D0168072A30DC4E9D02A /* Pods-flixsterTests.release.xcconfig */ = {isa = PBXFileReference; includeInIndex = 1; lastKnownFileType = text.xcconfig; name = "Pods-flixsterTests.release.xcconfig"; path = "Target Support Files/Pods-flixsterTests/Pods-flixsterTests.release.xcconfig"; sourceTree = "<group>"; };
		85AB4A383717318ABF5C16F7 /* Pods-flixster-flixsterUITests.debug.xcconfig */ = {isa = PBXFileReference; includeInIndex = 1; lastKnownFileType = text.xcconfig; name = "Pods-flixster-flixsterUITests.debug.xcconfig"; path = "Target Support Files/Pods-flixster-flixsterUITests/Pods-flixster-flixsterUITests.debug.xcconfig"; sourceTree = "<group>"; };
		A4314768D4F03835AF829432 /* Pods_flixsterTests.framework */ = {isa = PBXFileReference; explicitFileType = wrapper.framework; includeInIndex = 0; path = Pods_flixsterTests.framework; sourceTree = BUILT_PRODUCTS_DIR; };
		B33FE3D78E6128AB304888E0 /* Pods_flixster.framework */ = {isa = PBXFileReference; explicitFileType = wrapper.framework; includeInIndex = 0; path = Pods_flixster.framework; sourceTree = BUILT_PRODUCTS_DIR; };
		E1BCFECB7B45AC7301D88DA7 /* Pods-flixster-flixsterUITests.release.xcconfig */ = {isa = PBXFileReference; includeInIndex = 1; lastKnownFileType = text.xcconfig; name = "Pods-flixster-flixsterUITests.release.xcconfig"; path = "Target Support Files/Pods-flixster-flixsterUITests/Pods-flixster-flixsterUITests.release.xcconfig"; sourceTree = "<group>"; };
		EE2BB852251E8D8F00D92F37 /* flixster.app */ = {isa = PBXFileReference; explicitFileType = wrapper.application; includeInIndex = 0; path = flixster.app; sourceTree = BUILT_PRODUCTS_DIR; };
		EE2BB855251E8D8F00D92F37 /* AppDelegate.swift */ = {isa = PBXFileReference; lastKnownFileType = sourcecode.swift; path = AppDelegate.swift; sourceTree = "<group>"; };
		EE2BB857251E8D8F00D92F37 /* SceneDelegate.swift */ = {isa = PBXFileReference; lastKnownFileType = sourcecode.swift; path = SceneDelegate.swift; sourceTree = "<group>"; };
		EE2BB85C251E8D8F00D92F37 /* Base */ = {isa = PBXFileReference; lastKnownFileType = file.storyboard; name = Base; path = Base.lproj/Main.storyboard; sourceTree = "<group>"; };
		EE2BB85E251E8D9400D92F37 /* Assets.xcassets */ = {isa = PBXFileReference; lastKnownFileType = folder.assetcatalog; path = Assets.xcassets; sourceTree = "<group>"; };
		EE2BB861251E8D9400D92F37 /* Base */ = {isa = PBXFileReference; lastKnownFileType = file.storyboard; name = Base; path = Base.lproj/LaunchScreen.storyboard; sourceTree = "<group>"; };
		EE2BB863251E8D9400D92F37 /* Info.plist */ = {isa = PBXFileReference; lastKnownFileType = text.plist.xml; path = Info.plist; sourceTree = "<group>"; };
		EE2BB868251E8D9400D92F37 /* flixsterTests.xctest */ = {isa = PBXFileReference; explicitFileType = wrapper.cfbundle; includeInIndex = 0; path = flixsterTests.xctest; sourceTree = BUILT_PRODUCTS_DIR; };
		EE2BB86C251E8D9400D92F37 /* flixsterTests.swift */ = {isa = PBXFileReference; lastKnownFileType = sourcecode.swift; path = flixsterTests.swift; sourceTree = "<group>"; };
		EE2BB86E251E8D9400D92F37 /* Info.plist */ = {isa = PBXFileReference; lastKnownFileType = text.plist.xml; path = Info.plist; sourceTree = "<group>"; };
		EE2BB873251E8D9400D92F37 /* flixsterUITests.xctest */ = {isa = PBXFileReference; explicitFileType = wrapper.cfbundle; includeInIndex = 0; path = flixsterUITests.xctest; sourceTree = BUILT_PRODUCTS_DIR; };
		EE2BB877251E8D9400D92F37 /* flixsterUITests.swift */ = {isa = PBXFileReference; lastKnownFileType = sourcecode.swift; path = flixsterUITests.swift; sourceTree = "<group>"; };
		EE2BB879251E8D9400D92F37 /* Info.plist */ = {isa = PBXFileReference; lastKnownFileType = text.plist.xml; path = Info.plist; sourceTree = "<group>"; };
		EE2BB885251E8FDC00D92F37 /* MoviessViewController.swift */ = {isa = PBXFileReference; lastKnownFileType = sourcecode.swift; path = MoviessViewController.swift; sourceTree = "<group>"; };
		EE2BB887251EAC0B00D92F37 /* MovieCell.swift */ = {isa = PBXFileReference; lastKnownFileType = sourcecode.swift; path = MovieCell.swift; sourceTree = "<group>"; };
		EE983E312527EBBC008591E6 /* MovieDetailsViewController.swift */ = {isa = PBXFileReference; lastKnownFileType = sourcecode.swift; path = MovieDetailsViewController.swift; sourceTree = "<group>"; };
		EE983E3325283884008591E6 /* MovieGridViewController.swift */ = {isa = PBXFileReference; lastKnownFileType = sourcecode.swift; path = MovieGridViewController.swift; sourceTree = "<group>"; };
		EE983E3525283EA7008591E6 /* MovieGridCell.swift */ = {isa = PBXFileReference; lastKnownFileType = sourcecode.swift; path = MovieGridCell.swift; sourceTree = "<group>"; };
/* End PBXFileReference section */

/* Begin PBXFrameworksBuildPhase section */
		EE2BB84F251E8D8F00D92F37 /* Frameworks */ = {
			isa = PBXFrameworksBuildPhase;
			buildActionMask = 2147483647;
			files = (
				EDEF5DEC2E358870EFE6BF6B /* Pods_flixster.framework in Frameworks */,
			);
			runOnlyForDeploymentPostprocessing = 0;
		};
		EE2BB865251E8D9400D92F37 /* Frameworks */ = {
			isa = PBXFrameworksBuildPhase;
			buildActionMask = 2147483647;
			files = (
				4960B5C561AD28986000CB31 /* Pods_flixsterTests.framework in Frameworks */,
			);
			runOnlyForDeploymentPostprocessing = 0;
		};
		EE2BB870251E8D9400D92F37 /* Frameworks */ = {
			isa = PBXFrameworksBuildPhase;
			buildActionMask = 2147483647;
			files = (
				71F067DBDE5F468632344EB6 /* Pods_flixster_flixsterUITests.framework in Frameworks */,
			);
			runOnlyForDeploymentPostprocessing = 0;
		};
/* End PBXFrameworksBuildPhase section */

/* Begin PBXGroup section */
		6E51ECCA6CCC6457EAC16EFE /* Frameworks */ = {
			isa = PBXGroup;
			children = (
				B33FE3D78E6128AB304888E0 /* Pods_flixster.framework */,
				116A8B2C7EA90E95BDAF233C /* Pods_flixster_flixsterUITests.framework */,
				A4314768D4F03835AF829432 /* Pods_flixsterTests.framework */,
			);
			name = Frameworks;
			sourceTree = "<group>";
		};
		B12C34E706EE69B792B4A8BE /* Pods */ = {
			isa = PBXGroup;
			children = (
				5E0674F2D5B67135860EB407 /* Pods-flixster.debug.xcconfig */,
				35FC6E503D2CF427999C4744 /* Pods-flixster.release.xcconfig */,
				85AB4A383717318ABF5C16F7 /* Pods-flixster-flixsterUITests.debug.xcconfig */,
				E1BCFECB7B45AC7301D88DA7 /* Pods-flixster-flixsterUITests.release.xcconfig */,
				5512D84BDDA2689397656BB6 /* Pods-flixsterTests.debug.xcconfig */,
				70F3D0168072A30DC4E9D02A /* Pods-flixsterTests.release.xcconfig */,
			);
			path = Pods;
			sourceTree = "<group>";
		};
		EE2BB849251E8D8F00D92F37 = {
			isa = PBXGroup;
			children = (
				EE2BB854251E8D8F00D92F37 /* flixster */,
				EE2BB86B251E8D9400D92F37 /* flixsterTests */,
				EE2BB876251E8D9400D92F37 /* flixsterUITests */,
				EE2BB853251E8D8F00D92F37 /* Products */,
				B12C34E706EE69B792B4A8BE /* Pods */,
				6E51ECCA6CCC6457EAC16EFE /* Frameworks */,
			);
			sourceTree = "<group>";
		};
		EE2BB853251E8D8F00D92F37 /* Products */ = {
			isa = PBXGroup;
			children = (
				EE2BB852251E8D8F00D92F37 /* flixster.app */,
				EE2BB868251E8D9400D92F37 /* flixsterTests.xctest */,
				EE2BB873251E8D9400D92F37 /* flixsterUITests.xctest */,
			);
			name = Products;
			sourceTree = "<group>";
		};
		EE2BB854251E8D8F00D92F37 /* flixster */ = {
			isa = PBXGroup;
			children = (
				EE2BB855251E8D8F00D92F37 /* AppDelegate.swift */,
				EE2BB857251E8D8F00D92F37 /* SceneDelegate.swift */,
				EE2BB85B251E8D8F00D92F37 /* Main.storyboard */,
				EE2BB85E251E8D9400D92F37 /* Assets.xcassets */,
				EE2BB860251E8D9400D92F37 /* LaunchScreen.storyboard */,
				EE2BB863251E8D9400D92F37 /* Info.plist */,
				EE2BB885251E8FDC00D92F37 /* MoviessViewController.swift */,
				EE2BB887251EAC0B00D92F37 /* MovieCell.swift */,
				EE983E312527EBBC008591E6 /* MovieDetailsViewController.swift */,
				EE983E3325283884008591E6 /* MovieGridViewController.swift */,
				EE983E3525283EA7008591E6 /* MovieGridCell.swift */,
			);
			path = flixster;
			sourceTree = "<group>";
		};
		EE2BB86B251E8D9400D92F37 /* flixsterTests */ = {
			isa = PBXGroup;
			children = (
				EE2BB86C251E8D9400D92F37 /* flixsterTests.swift */,
				EE2BB86E251E8D9400D92F37 /* Info.plist */,
			);
			path = flixsterTests;
			sourceTree = "<group>";
		};
		EE2BB876251E8D9400D92F37 /* flixsterUITests */ = {
			isa = PBXGroup;
			children = (
				EE2BB877251E8D9400D92F37 /* flixsterUITests.swift */,
				EE2BB879251E8D9400D92F37 /* Info.plist */,
			);
			path = flixsterUITests;
			sourceTree = "<group>";
		};
/* End PBXGroup section */

/* Begin PBXNativeTarget section */
		EE2BB851251E8D8F00D92F37 /* flixster */ = {
			isa = PBXNativeTarget;
			buildConfigurationList = EE2BB87C251E8D9400D92F37 /* Build configuration list for PBXNativeTarget "flixster" */;
			buildPhases = (
				ACB76AD8CB96D56FBFA4D501 /* [CP] Check Pods Manifest.lock */,
				EE2BB84E251E8D8F00D92F37 /* Sources */,
				EE2BB84F251E8D8F00D92F37 /* Frameworks */,
				EE2BB850251E8D8F00D92F37 /* Resources */,
				3A9301AEA5ED4C4EC7BA9AA3 /* [CP] Embed Pods Frameworks */,
			);
			buildRules = (
			);
			dependencies = (
			);
			name = flixster;
			productName = flixster;
			productReference = EE2BB852251E8D8F00D92F37 /* flixster.app */;
			productType = "com.apple.product-type.application";
		};
		EE2BB867251E8D9400D92F37 /* flixsterTests */ = {
			isa = PBXNativeTarget;
			buildConfigurationList = EE2BB87F251E8D9400D92F37 /* Build configuration list for PBXNativeTarget "flixsterTests" */;
			buildPhases = (
				218F56C6568B336090DDFD04 /* [CP] Check Pods Manifest.lock */,
				EE2BB864251E8D9400D92F37 /* Sources */,
				EE2BB865251E8D9400D92F37 /* Frameworks */,
				EE2BB866251E8D9400D92F37 /* Resources */,
			);
			buildRules = (
			);
			dependencies = (
				EE2BB86A251E8D9400D92F37 /* PBXTargetDependency */,
			);
			name = flixsterTests;
			productName = flixsterTests;
			productReference = EE2BB868251E8D9400D92F37 /* flixsterTests.xctest */;
			productType = "com.apple.product-type.bundle.unit-test";
		};
		EE2BB872251E8D9400D92F37 /* flixsterUITests */ = {
			isa = PBXNativeTarget;
			buildConfigurationList = EE2BB882251E8D9400D92F37 /* Build configuration list for PBXNativeTarget "flixsterUITests" */;
			buildPhases = (
				CE053AA77043BAB5A67AFE83 /* [CP] Check Pods Manifest.lock */,
				EE2BB86F251E8D9400D92F37 /* Sources */,
				EE2BB870251E8D9400D92F37 /* Frameworks */,
				EE2BB871251E8D9400D92F37 /* Resources */,
				9E4F25395E7A60CBB47AEA30 /* [CP] Embed Pods Frameworks */,
			);
			buildRules = (
			);
			dependencies = (
				EE2BB875251E8D9400D92F37 /* PBXTargetDependency */,
			);
			name = flixsterUITests;
			productName = flixsterUITests;
			productReference = EE2BB873251E8D9400D92F37 /* flixsterUITests.xctest */;
			productType = "com.apple.product-type.bundle.ui-testing";
		};
/* End PBXNativeTarget section */

/* Begin PBXProject section */
		EE2BB84A251E8D8F00D92F37 /* Project object */ = {
			isa = PBXProject;
			attributes = {
				LastSwiftUpdateCheck = 1160;
				LastUpgradeCheck = 1160;
				ORGANIZATIONNAME = SadiaChowdhury;
				TargetAttributes = {
					EE2BB851251E8D8F00D92F37 = {
						CreatedOnToolsVersion = 11.6;
					};
					EE2BB867251E8D9400D92F37 = {
						CreatedOnToolsVersion = 11.6;
						TestTargetID = EE2BB851251E8D8F00D92F37;
					};
					EE2BB872251E8D9400D92F37 = {
						CreatedOnToolsVersion = 11.6;
						TestTargetID = EE2BB851251E8D8F00D92F37;
					};
				};
			};
			buildConfigurationList = EE2BB84D251E8D8F00D92F37 /* Build configuration list for PBXProject "flixster" */;
			compatibilityVersion = "Xcode 9.3";
			developmentRegion = en;
			hasScannedForEncodings = 0;
			knownRegions = (
				en,
				Base,
			);
			mainGroup = EE2BB849251E8D8F00D92F37;
			productRefGroup = EE2BB853251E8D8F00D92F37 /* Products */;
			projectDirPath = "";
			projectRoot = "";
			targets = (
				EE2BB851251E8D8F00D92F37 /* flixster */,
				EE2BB867251E8D9400D92F37 /* flixsterTests */,
				EE2BB872251E8D9400D92F37 /* flixsterUITests */,
			);
		};
/* End PBXProject section */

/* Begin PBXResourcesBuildPhase section */
		EE2BB850251E8D8F00D92F37 /* Resources */ = {
			isa = PBXResourcesBuildPhase;
			buildActionMask = 2147483647;
			files = (
				EE2BB862251E8D9400D92F37 /* LaunchScreen.storyboard in Resources */,
				EE2BB85F251E8D9400D92F37 /* Assets.xcassets in Resources */,
				EE2BB85D251E8D8F00D92F37 /* Main.storyboard in Resources */,
			);
			runOnlyForDeploymentPostprocessing = 0;
		};
		EE2BB866251E8D9400D92F37 /* Resources */ = {
			isa = PBXResourcesBuildPhase;
			buildActionMask = 2147483647;
			files = (
			);
			runOnlyForDeploymentPostprocessing = 0;
		};
		EE2BB871251E8D9400D92F37 /* Resources */ = {
			isa = PBXResourcesBuildPhase;
			buildActionMask = 2147483647;
			files = (
			);
			runOnlyForDeploymentPostprocessing = 0;
		};
/* End PBXResourcesBuildPhase section */

/* Begin PBXShellScriptBuildPhase section */
		218F56C6568B336090DDFD04 /* [CP] Check Pods Manifest.lock */ = {
			isa = PBXShellScriptBuildPhase;
			buildActionMask = 2147483647;
			files = (
			);
			inputFileListPaths = (
			);
			inputPaths = (
				"${PODS_PODFILE_DIR_PATH}/Podfile.lock",
				"${PODS_ROOT}/Manifest.lock",
			);
			name = "[CP] Check Pods Manifest.lock";
			outputFileListPaths = (
			);
			outputPaths = (
				"$(DERIVED_FILE_DIR)/Pods-flixsterTests-checkManifestLockResult.txt",
			);
			runOnlyForDeploymentPostprocessing = 0;
			shellPath = /bin/sh;
			shellScript = "diff \"${PODS_PODFILE_DIR_PATH}/Podfile.lock\" \"${PODS_ROOT}/Manifest.lock\" > /dev/null\nif [ $? != 0 ] ; then\n    # print error to STDERR\n    echo \"error: The sandbox is not in sync with the Podfile.lock. Run 'pod install' or update your CocoaPods installation.\" >&2\n    exit 1\nfi\n# This output is used by Xcode 'outputs' to avoid re-running this script phase.\necho \"SUCCESS\" > \"${SCRIPT_OUTPUT_FILE_0}\"\n";
			showEnvVarsInLog = 0;
		};
		3A9301AEA5ED4C4EC7BA9AA3 /* [CP] Embed Pods Frameworks */ = {
			isa = PBXShellScriptBuildPhase;
			buildActionMask = 2147483647;
			files = (
			);
			inputFileListPaths = (
				"${PODS_ROOT}/Target Support Files/Pods-flixster/Pods-flixster-frameworks-${CONFIGURATION}-input-files.xcfilelist",
			);
			name = "[CP] Embed Pods Frameworks";
			outputFileListPaths = (
				"${PODS_ROOT}/Target Support Files/Pods-flixster/Pods-flixster-frameworks-${CONFIGURATION}-output-files.xcfilelist",
			);
			runOnlyForDeploymentPostprocessing = 0;
			shellPath = /bin/sh;
			shellScript = "\"${PODS_ROOT}/Target Support Files/Pods-flixster/Pods-flixster-frameworks.sh\"\n";
			showEnvVarsInLog = 0;
		};
		9E4F25395E7A60CBB47AEA30 /* [CP] Embed Pods Frameworks */ = {
			isa = PBXShellScriptBuildPhase;
			buildActionMask = 2147483647;
			files = (
			);
			inputFileListPaths = (
				"${PODS_ROOT}/Target Support Files/Pods-flixster-flixsterUITests/Pods-flixster-flixsterUITests-frameworks-${CONFIGURATION}-input-files.xcfilelist",
			);
			name = "[CP] Embed Pods Frameworks";
			outputFileListPaths = (
				"${PODS_ROOT}/Target Support Files/Pods-flixster-flixsterUITests/Pods-flixster-flixsterUITests-frameworks-${CONFIGURATION}-output-files.xcfilelist",
			);
			runOnlyForDeploymentPostprocessing = 0;
			shellPath = /bin/sh;
			shellScript = "\"${PODS_ROOT}/Target Support Files/Pods-flixster-flixsterUITests/Pods-flixster-flixsterUITests-frameworks.sh\"\n";
			showEnvVarsInLog = 0;
		};
		ACB76AD8CB96D56FBFA4D501 /* [CP] Check Pods Manifest.lock */ = {
			isa = PBXShellScriptBuildPhase;
			buildActionMask = 2147483647;
			files = (
			);
			inputFileListPaths = (
			);
			inputPaths = (
				"${PODS_PODFILE_DIR_PATH}/Podfile.lock",
				"${PODS_ROOT}/Manifest.lock",
			);
			name = "[CP] Check Pods Manifest.lock";
			outputFileListPaths = (
			);
			outputPaths = (
				"$(DERIVED_FILE_DIR)/Pods-flixster-checkManifestLockResult.txt",
			);
			runOnlyForDeploymentPostprocessing = 0;
			shellPath = /bin/sh;
			shellScript = "diff \"${PODS_PODFILE_DIR_PATH}/Podfile.lock\" \"${PODS_ROOT}/Manifest.lock\" > /dev/null\nif [ $? != 0 ] ; then\n    # print error to STDERR\n    echo \"error: The sandbox is not in sync with the Podfile.lock. Run 'pod install' or update your CocoaPods installation.\" >&2\n    exit 1\nfi\n# This output is used by Xcode 'outputs' to avoid re-running this script phase.\necho \"SUCCESS\" > \"${SCRIPT_OUTPUT_FILE_0}\"\n";
			showEnvVarsInLog = 0;
		};
		CE053AA77043BAB5A67AFE83 /* [CP] Check Pods Manifest.lock */ = {
			isa = PBXShellScriptBuildPhase;
			buildActionMask = 2147483647;
			files = (
			);
			inputFileListPaths = (
			);
			inputPaths = (
				"${PODS_PODFILE_DIR_PATH}/Podfile.lock",
				"${PODS_ROOT}/Manifest.lock",
			);
			name = "[CP] Check Pods Manifest.lock";
			outputFileListPaths = (
			);
			outputPaths = (
				"$(DERIVED_FILE_DIR)/Pods-flixster-flixsterUITests-checkManifestLockResult.txt",
			);
			runOnlyForDeploymentPostprocessing = 0;
			shellPath = /bin/sh;
			shellScript = "diff \"${PODS_PODFILE_DIR_PATH}/Podfile.lock\" \"${PODS_ROOT}/Manifest.lock\" > /dev/null\nif [ $? != 0 ] ; then\n    # print error to STDERR\n    echo \"error: The sandbox is not in sync with the Podfile.lock. Run 'pod install' or update your CocoaPods installation.\" >&2\n    exit 1\nfi\n# This output is used by Xcode 'outputs' to avoid re-running this script phase.\necho \"SUCCESS\" > \"${SCRIPT_OUTPUT_FILE_0}\"\n";
			showEnvVarsInLog = 0;
		};
/* End PBXShellScriptBuildPhase section */

/* Begin PBXSourcesBuildPhase section */
		EE2BB84E251E8D8F00D92F37 /* Sources */ = {
			isa = PBXSourcesBuildPhase;
			buildActionMask = 2147483647;
			files = (
				EE983E322527EBBC008591E6 /* MovieDetailsViewController.swift in Sources */,
				EE2BB886251E8FDC00D92F37 /* MoviessViewController.swift in Sources */,
				EE2BB856251E8D8F00D92F37 /* AppDelegate.swift in Sources */,
				EE2BB888251EAC0B00D92F37 /* MovieCell.swift in Sources */,
				EE2BB858251E8D8F00D92F37 /* SceneDelegate.swift in Sources */,
				EE983E3425283884008591E6 /* MovieGridViewController.swift in Sources */,
				EE983E3625283EA7008591E6 /* MovieGridCell.swift in Sources */,
			);
			runOnlyForDeploymentPostprocessing = 0;
		};
		EE2BB864251E8D9400D92F37 /* Sources */ = {
			isa = PBXSourcesBuildPhase;
			buildActionMask = 2147483647;
			files = (
				EE2BB86D251E8D9400D92F37 /* flixsterTests.swift in Sources */,
			);
			runOnlyForDeploymentPostprocessing = 0;
		};
		EE2BB86F251E8D9400D92F37 /* Sources */ = {
			isa = PBXSourcesBuildPhase;
			buildActionMask = 2147483647;
			files = (
				EE2BB878251E8D9400D92F37 /* flixsterUITests.swift in Sources */,
			);
			runOnlyForDeploymentPostprocessing = 0;
		};
/* End PBXSourcesBuildPhase section */

/* Begin PBXTargetDependency section */
		EE2BB86A251E8D9400D92F37 /* PBXTargetDependency */ = {
			isa = PBXTargetDependency;
			target = EE2BB851251E8D8F00D92F37 /* flixster */;
			targetProxy = EE2BB869251E8D9400D92F37 /* PBXContainerItemProxy */;
		};
		EE2BB875251E8D9400D92F37 /* PBXTargetDependency */ = {
			isa = PBXTargetDependency;
			target = EE2BB851251E8D8F00D92F37 /* flixster */;
			targetProxy = EE2BB874251E8D9400D92F37 /* PBXContainerItemProxy */;
		};
/* End PBXTargetDependency section */

/* Begin PBXVariantGroup section */
		EE2BB85B251E8D8F00D92F37 /* Main.storyboard */ = {
			isa = PBXVariantGroup;
			children = (
				EE2BB85C251E8D8F00D92F37 /* Base */,
			);
			name = Main.storyboard;
			sourceTree = "<group>";
		};
		EE2BB860251E8D9400D92F37 /* LaunchScreen.storyboard */ = {
			isa = PBXVariantGroup;
			children = (
				EE2BB861251E8D9400D92F37 /* Base */,
			);
			name = LaunchScreen.storyboard;
			sourceTree = "<group>";
		};
/* End PBXVariantGroup section */

/* Begin XCBuildConfiguration section */
		EE2BB87A251E8D9400D92F37 /* Debug */ = {
			isa = XCBuildConfiguration;
			buildSettings = {
				ALWAYS_SEARCH_USER_PATHS = NO;
				CLANG_ANALYZER_NONNULL = YES;
				CLANG_ANALYZER_NUMBER_OBJECT_CONVERSION = YES_AGGRESSIVE;
				CLANG_CXX_LANGUAGE_STANDARD = "gnu++14";
				CLANG_CXX_LIBRARY = "libc++";
				CLANG_ENABLE_MODULES = YES;
				CLANG_ENABLE_OBJC_ARC = YES;
				CLANG_ENABLE_OBJC_WEAK = YES;
				CLANG_WARN_BLOCK_CAPTURE_AUTORELEASING = YES;
				CLANG_WARN_BOOL_CONVERSION = YES;
				CLANG_WARN_COMMA = YES;
				CLANG_WARN_CONSTANT_CONVERSION = YES;
				CLANG_WARN_DEPRECATED_OBJC_IMPLEMENTATIONS = YES;
				CLANG_WARN_DIRECT_OBJC_ISA_USAGE = YES_ERROR;
				CLANG_WARN_DOCUMENTATION_COMMENTS = YES;
				CLANG_WARN_EMPTY_BODY = YES;
				CLANG_WARN_ENUM_CONVERSION = YES;
				CLANG_WARN_INFINITE_RECURSION = YES;
				CLANG_WARN_INT_CONVERSION = YES;
				CLANG_WARN_NON_LITERAL_NULL_CONVERSION = YES;
				CLANG_WARN_OBJC_IMPLICIT_RETAIN_SELF = YES;
				CLANG_WARN_OBJC_LITERAL_CONVERSION = YES;
				CLANG_WARN_OBJC_ROOT_CLASS = YES_ERROR;
				CLANG_WARN_RANGE_LOOP_ANALYSIS = YES;
				CLANG_WARN_STRICT_PROTOTYPES = YES;
				CLANG_WARN_SUSPICIOUS_MOVE = YES;
				CLANG_WARN_UNGUARDED_AVAILABILITY = YES_AGGRESSIVE;
				CLANG_WARN_UNREACHABLE_CODE = YES;
				CLANG_WARN__DUPLICATE_METHOD_MATCH = YES;
				COPY_PHASE_STRIP = NO;
				DEBUG_INFORMATION_FORMAT = dwarf;
				ENABLE_STRICT_OBJC_MSGSEND = YES;
				ENABLE_TESTABILITY = YES;
				GCC_C_LANGUAGE_STANDARD = gnu11;
				GCC_DYNAMIC_NO_PIC = NO;
				GCC_NO_COMMON_BLOCKS = YES;
				GCC_OPTIMIZATION_LEVEL = 0;
				GCC_PREPROCESSOR_DEFINITIONS = (
					"DEBUG=1",
					"$(inherited)",
				);
				GCC_WARN_64_TO_32_BIT_CONVERSION = YES;
				GCC_WARN_ABOUT_RETURN_TYPE = YES_ERROR;
				GCC_WARN_UNDECLARED_SELECTOR = YES;
				GCC_WARN_UNINITIALIZED_AUTOS = YES_AGGRESSIVE;
				GCC_WARN_UNUSED_FUNCTION = YES;
				GCC_WARN_UNUSED_VARIABLE = YES;
				IPHONEOS_DEPLOYMENT_TARGET = 13.6;
				MTL_ENABLE_DEBUG_INFO = INCLUDE_SOURCE;
				MTL_FAST_MATH = YES;
				ONLY_ACTIVE_ARCH = YES;
				SDKROOT = iphoneos;
				SWIFT_ACTIVE_COMPILATION_CONDITIONS = DEBUG;
				SWIFT_OPTIMIZATION_LEVEL = "-Onone";
			};
			name = Debug;
		};
		EE2BB87B251E8D9400D92F37 /* Release */ = {
			isa = XCBuildConfiguration;
			buildSettings = {
				ALWAYS_SEARCH_USER_PATHS = NO;
				CLANG_ANALYZER_NONNULL = YES;
				CLANG_ANALYZER_NUMBER_OBJECT_CONVERSION = YES_AGGRESSIVE;
				CLANG_CXX_LANGUAGE_STANDARD = "gnu++14";
				CLANG_CXX_LIBRARY = "libc++";
				CLANG_ENABLE_MODULES = YES;
				CLANG_ENABLE_OBJC_ARC = YES;
				CLANG_ENABLE_OBJC_WEAK = YES;
				CLANG_WARN_BLOCK_CAPTURE_AUTORELEASING = YES;
				CLANG_WARN_BOOL_CONVERSION = YES;
				CLANG_WARN_COMMA = YES;
				CLANG_WARN_CONSTANT_CONVERSION = YES;
				CLANG_WARN_DEPRECATED_OBJC_IMPLEMENTATIONS = YES;
				CLANG_WARN_DIRECT_OBJC_ISA_USAGE = YES_ERROR;
				CLANG_WARN_DOCUMENTATION_COMMENTS = YES;
				CLANG_WARN_EMPTY_BODY = YES;
				CLANG_WARN_ENUM_CONVERSION = YES;
				CLANG_WARN_INFINITE_RECURSION = YES;
				CLANG_WARN_INT_CONVERSION = YES;
				CLANG_WARN_NON_LITERAL_NULL_CONVERSION = YES;
				CLANG_WARN_OBJC_IMPLICIT_RETAIN_SELF = YES;
				CLANG_WARN_OBJC_LITERAL_CONVERSION = YES;
				CLANG_WARN_OBJC_ROOT_CLASS = YES_ERROR;
				CLANG_WARN_RANGE_LOOP_ANALYSIS = YES;
				CLANG_WARN_STRICT_PROTOTYPES = YES;
				CLANG_WARN_SUSPICIOUS_MOVE = YES;
				CLANG_WARN_UNGUARDED_AVAILABILITY = YES_AGGRESSIVE;
				CLANG_WARN_UNREACHABLE_CODE = YES;
				CLANG_WARN__DUPLICATE_METHOD_MATCH = YES;
				COPY_PHASE_STRIP = NO;
				DEBUG_INFORMATION_FORMAT = "dwarf-with-dsym";
				ENABLE_NS_ASSERTIONS = NO;
				ENABLE_STRICT_OBJC_MSGSEND = YES;
				GCC_C_LANGUAGE_STANDARD = gnu11;
				GCC_NO_COMMON_BLOCKS = YES;
				GCC_WARN_64_TO_32_BIT_CONVERSION = YES;
				GCC_WARN_ABOUT_RETURN_TYPE = YES_ERROR;
				GCC_WARN_UNDECLARED_SELECTOR = YES;
				GCC_WARN_UNINITIALIZED_AUTOS = YES_AGGRESSIVE;
				GCC_WARN_UNUSED_FUNCTION = YES;
				GCC_WARN_UNUSED_VARIABLE = YES;
				IPHONEOS_DEPLOYMENT_TARGET = 13.6;
				MTL_ENABLE_DEBUG_INFO = NO;
				MTL_FAST_MATH = YES;
				SDKROOT = iphoneos;
				SWIFT_COMPILATION_MODE = wholemodule;
				SWIFT_OPTIMIZATION_LEVEL = "-O";
				VALIDATE_PRODUCT = YES;
			};
			name = Release;
		};
		EE2BB87D251E8D9400D92F37 /* Debug */ = {
			isa = XCBuildConfiguration;
			baseConfigurationReference = 5E0674F2D5B67135860EB407 /* Pods-flixster.debug.xcconfig */;
			buildSettings = {
				ASSETCATALOG_COMPILER_APPICON_NAME = AppIcon;
				CODE_SIGN_STYLE = Automatic;
				INFOPLIST_FILE = flixster/Info.plist;
				LD_RUNPATH_SEARCH_PATHS = (
					"$(inherited)",
					"@executable_path/Frameworks",
				);
				PRODUCT_BUNDLE_IDENTIFIER = Sadia.flixster;
				PRODUCT_NAME = "$(TARGET_NAME)";
				SWIFT_VERSION = 5.0;
				TARGETED_DEVICE_FAMILY = "1,2";
			};
			name = Debug;
		};
		EE2BB87E251E8D9400D92F37 /* Release */ = {
			isa = XCBuildConfiguration;
			baseConfigurationReference = 35FC6E503D2CF427999C4744 /* Pods-flixster.release.xcconfig */;
			buildSettings = {
				ASSETCATALOG_COMPILER_APPICON_NAME = AppIcon;
				CODE_SIGN_STYLE = Automatic;
				INFOPLIST_FILE = flixster/Info.plist;
				LD_RUNPATH_SEARCH_PATHS = (
					"$(inherited)",
					"@executable_path/Frameworks",
				);
				PRODUCT_BUNDLE_IDENTIFIER = Sadia.flixster;
				PRODUCT_NAME = "$(TARGET_NAME)";
				SWIFT_VERSION = 5.0;
				TARGETED_DEVICE_FAMILY = "1,2";
			};
			name = Release;
		};
		EE2BB880251E8D9400D92F37 /* Debug */ = {
			isa = XCBuildConfiguration;
			baseConfigurationReference = 5512D84BDDA2689397656BB6 /* Pods-flixsterTests.debug.xcconfig */;
			buildSettings = {
				ALWAYS_EMBED_SWIFT_STANDARD_LIBRARIES = YES;
				BUNDLE_LOADER = "$(TEST_HOST)";
				CODE_SIGN_STYLE = Automatic;
				INFOPLIST_FILE = flixsterTests/Info.plist;
				IPHONEOS_DEPLOYMENT_TARGET = 13.6;
				LD_RUNPATH_SEARCH_PATHS = (
					"$(inherited)",
					"@executable_path/Frameworks",
					"@loader_path/Frameworks",
				);
				PRODUCT_BUNDLE_IDENTIFIER = Sadia.flixsterTests;
				PRODUCT_NAME = "$(TARGET_NAME)";
				SWIFT_VERSION = 5.0;
				TARGETED_DEVICE_FAMILY = "1,2";
				TEST_HOST = "$(BUILT_PRODUCTS_DIR)/flixster.app/flixster";
			};
			name = Debug;
		};
		EE2BB881251E8D9400D92F37 /* Release */ = {
			isa = XCBuildConfiguration;
			baseConfigurationReference = 70F3D0168072A30DC4E9D02A /* Pods-flixsterTests.release.xcconfig */;
			buildSettings = {
				ALWAYS_EMBED_SWIFT_STANDARD_LIBRARIES = YES;
				BUNDLE_LOADER = "$(TEST_HOST)";
				CODE_SIGN_STYLE = Automatic;
				INFOPLIST_FILE = flixsterTests/Info.plist;
				IPHONEOS_DEPLOYMENT_TARGET = 13.6;
				LD_RUNPATH_SEARCH_PATHS = (
					"$(inherited)",
					"@executable_path/Frameworks",
					"@loader_path/Frameworks",
				);
				PRODUCT_BUNDLE_IDENTIFIER = Sadia.flixsterTests;
				PRODUCT_NAME = "$(TARGET_NAME)";
				SWIFT_VERSION = 5.0;
				TARGETED_DEVICE_FAMILY = "1,2";
				TEST_HOST = "$(BUILT_PRODUCTS_DIR)/flixster.app/flixster";
			};
			name = Release;
		};
		EE2BB883251E8D9400D92F37 /* Debug */ = {
			isa = XCBuildConfiguration;
			baseConfigurationReference = 85AB4A383717318ABF5C16F7 /* Pods-flixster-flixsterUITests.debug.xcconfig */;
			buildSettings = {
				ALWAYS_EMBED_SWIFT_STANDARD_LIBRARIES = YES;
				CODE_SIGN_STYLE = Automatic;
				INFOPLIST_FILE = flixsterUITests/Info.plist;
				LD_RUNPATH_SEARCH_PATHS = (
					"$(inherited)",
					"@executable_path/Frameworks",
					"@loader_path/Frameworks",
				);
				PRODUCT_BUNDLE_IDENTIFIER = Sadia.flixsterUITests;
				PRODUCT_NAME = "$(TARGET_NAME)";
				SWIFT_VERSION = 5.0;
				TARGETED_DEVICE_FAMILY = "1,2";
				TEST_TARGET_NAME = flixster;
			};
			name = Debug;
		};
		EE2BB884251E8D9400D92F37 /* Release */ = {
			isa = XCBuildConfiguration;
			baseConfigurationReference = E1BCFECB7B45AC7301D88DA7 /* Pods-flixster-flixsterUITests.release.xcconfig */;
			buildSettings = {
				ALWAYS_EMBED_SWIFT_STANDARD_LIBRARIES = YES;
				CODE_SIGN_STYLE = Automatic;
				INFOPLIST_FILE = flixsterUITests/Info.plist;
				LD_RUNPATH_SEARCH_PATHS = (
					"$(inherited)",
					"@executable_path/Frameworks",
					"@loader_path/Frameworks",
				);
				PRODUCT_BUNDLE_IDENTIFIER = Sadia.flixsterUITests;
				PRODUCT_NAME = "$(TARGET_NAME)";
				SWIFT_VERSION = 5.0;
				TARGETED_DEVICE_FAMILY = "1,2";
				TEST_TARGET_NAME = flixster;
			};
			name = Release;
		};
/* End XCBuildConfiguration section */

/* Begin XCConfigurationList section */
		EE2BB84D251E8D8F00D92F37 /* Build configuration list for PBXProject "flixster" */ = {
			isa = XCConfigurationList;
			buildConfigurations = (
				EE2BB87A251E8D9400D92F37 /* Debug */,
				EE2BB87B251E8D9400D92F37 /* Release */,
			);
			defaultConfigurationIsVisible = 0;
			defaultConfigurationName = Release;
		};
		EE2BB87C251E8D9400D92F37 /* Build configuration list for PBXNativeTarget "flixster" */ = {
			isa = XCConfigurationList;
			buildConfigurations = (
				EE2BB87D251E8D9400D92F37 /* Debug */,
				EE2BB87E251E8D9400D92F37 /* Release */,
			);
			defaultConfigurationIsVisible = 0;
			defaultConfigurationName = Release;
		};
		EE2BB87F251E8D9400D92F37 /* Build configuration list for PBXNativeTarget "flixsterTests" */ = {
			isa = XCConfigurationList;
			buildConfigurations = (
				EE2BB880251E8D9400D92F37 /* Debug */,
				EE2BB881251E8D9400D92F37 /* Release */,
			);
			defaultConfigurationIsVisible = 0;
			defaultConfigurationName = Release;
		};
		EE2BB882251E8D9400D92F37 /* Build configuration list for PBXNativeTarget "flixsterUITests" */ = {
			isa = XCConfigurationList;
			buildConfigurations = (
				EE2BB883251E8D9400D92F37 /* Debug */,
				EE2BB884251E8D9400D92F37 /* Release */,
			);
			defaultConfigurationIsVisible = 0;
			defaultConfigurationName = Release;
		};
/* End XCConfigurationList section */
	};
	rootObject = EE2BB84A251E8D8F00D92F37 /* Project object */;
}
